
Microsoft Visual Studio Solution File, Format Version 12.00
# Visual Studio Version 16
VisualStudioVersion = 16.0.32228.343
MinimumVisualStudioVersion = 10.0.40219.1
Project("{9A19103F-16F7-4668-BE54-9A1E7A4F7556}") = "BAIA", "BAIA.csproj", "{C87970D5-1474-45A9-985C-AD2B7FE88974}"
EndProject
Global
	GlobalSection(SolutionConfigurationPlatforms) = preSolution
		Debug|Any CPU = Debug|Any CPU
		Release|Any CPU = Release|Any CPU
	EndGlobalSection
	GlobalSection(ProjectConfigurationPlatforms) = postSolution
		{C87970D5-1474-45A9-985C-AD2B7FE88974}.Debug|Any CPU.ActiveCfg = Debug|Any CPU
		{C87970D5-1474-45A9-985C-AD2B7FE88974}.Debug|Any CPU.Build.0 = Debug|Any CPU
		{C87970D5-1474-45A9-985C-AD2B7FE88974}.Release|Any CPU.ActiveCfg = Release|Any CPU
		{C87970D5-1474-45A9-985C-AD2B7FE88974}.Release|Any CPU.Build.0 = Release|Any CPU
	EndGlobalSection
	GlobalSection(SolutionProperties) = preSolution
		HideSolutionNode = FALSE
	EndGlobalSection
	GlobalSection(ExtensibilityGlobals) = postSolution
		SolutionGuid = {513AD77D-8791-4DDE-B561-02BFADA6BF0A}
	EndGlobalSection
EndGlobal
